{
  "name": "npm-gen-chai",
  "version": "4.1.0",
  "dependencies": {
    "chai": {
      "version": "4.1.0",
      "from": "chai@4.1.0",
      "resolved": "https://registry.npmjs.org/chai/-/chai-4.1.0.tgz",
      "dependencies": {
        "assertion-error": {
          "version": "1.0.2",
          "from": "assertion-error@>=1.0.1 <2.0.0",
          "resolved": "https://registry.npmjs.org/assertion-error/-/assertion-error-1.0.2.tgz"
        },
        "check-error": {
          "version": "1.0.2",
          "from": "check-error@>=1.0.1 <2.0.0",
          "resolved": "https://registry.npmjs.org/check-error/-/check-error-1.0.2.tgz"
        },
        "deep-eql": {
          "version": "2.0.2",
          "from": "deep-eql@>=2.0.1 <3.0.0",
          "resolved": "https://registry.npmjs.org/deep-eql/-/deep-eql-2.0.2.tgz",
          "dependencies": {
            "type-detect": {
              "version": "3.0.0",
              "from": "type-detect@>=3.0.0 <4.0.0",
              "resolved": "https://registry.npmjs.org/type-detect/-/type-detect-3.0.0.tgz"
            }
          }
        },
        "get-func-name": {
          "version": "2.0.0",
          "from": "get-func-name@>=2.0.0 <3.0.0",
          "resolved": "https://registry.npmjs.org/get-func-name/-/get-func-name-2.0.0.tgz"
        },
        "pathval": {
          "version": "1.1.0",
          "from": "pathval@>=1.0.0 <2.0.0",
          "resolved": "https://registry.npmjs.org/pathval/-/pathval-1.1.0.tgz"
        },
        "type-detect": {
          "version": "4.0.3",
          "from": "type-detect@>=4.0.0 <5.0.0",
          "resolved": "https://registry.npmjs.org/type-detect/-/type-detect-4.0.3.tgz"
        }
      }
    }
  }
}
